
Microsoft Visual Studio Solution File, Format Version 12.00
# Visual Studio 15
VisualStudioVersion = 15.0.27703.2000
MinimumVisualStudioVersion = 10.0.40219.1
Project("{FAE04EC0-301F-11D3-BF4B-00C04F79EFBC}") = "eCopyASPNET", "eCopyASPNET\eCopyASPNET.csproj", "{A953A7B2-3CAD-4C00-B3A2-917FCCD4472D}"
EndProject
Global
	GlobalSection(SolutionConfigurationPlatforms) = preSolution
		Debug|Any CPU = Debug|Any CPU
		Release|Any CPU = Release|Any CPU
	EndGlobalSection
	GlobalSection(ProjectConfigurationPlatforms) = postSolution
		{A953A7B2-3CAD-4C00-B3A2-917FCCD4472D}.Debug|Any CPU.ActiveCfg = Debug|Any CPU
		{A953A7B2-3CAD-4C00-B3A2-917FCCD4472D}.Debug|Any CPU.Build.0 = Debug|Any CPU
		{A953A7B2-3CAD-4C00-B3A2-917FCCD4472D}.Release|Any CPU.ActiveCfg = Release|Any CPU
		{A953A7B2-3CAD-4C00-B3A2-917FCCD4472D}.Release|Any CPU.Build.0 = Release|Any CPU
	EndGlobalSection
	GlobalSection(SolutionProperties) = preSolution
		HideSolutionNode = FALSE
	EndGlobalSection
	GlobalSection(ExtensibilityGlobals) = postSolution
		SolutionGuid = {C2A36CE7-F1EA-416C-8986-CD612774CF51}
	EndGlobalSection
EndGlobal
